
Microsoft Visual Studio Solution File, Format Version 12.00
# Visual Studio Version 17
VisualStudioVersion = 17.11.35201.85
MinimumVisualStudioVersion = 10.0.40219.1
Project("{FAE04EC0-301F-11D3-BF4B-00C04F79EFBC}") = "WebApplication2", "WebApplication2\WebApplication2.csproj", "{52DFBDF3-2BCE-4019-989F-08EDA18FF43E}"
EndProject
Global
	GlobalSection(SolutionConfigurationPlatforms) = preSolution
		Debug|Any CPU = Debug|Any CPU
		Release|Any CPU = Release|Any CPU
	EndGlobalSection
	GlobalSection(ProjectConfigurationPlatforms) = postSolution
		{52DFBDF3-2BCE-4019-989F-08EDA18FF43E}.Debug|Any CPU.ActiveCfg = Debug|Any CPU
		{52DFBDF3-2BCE-4019-989F-08EDA18FF43E}.Debug|Any CPU.Build.0 = Debug|Any CPU
		{52DFBDF3-2BCE-4019-989F-08EDA18FF43E}.Release|Any CPU.ActiveCfg = Release|Any CPU
		{52DFBDF3-2BCE-4019-989F-08EDA18FF43E}.Release|Any CPU.Build.0 = Release|Any CPU
	EndGlobalSection
	GlobalSection(SolutionProperties) = preSolution
		HideSolutionNode = FALSE
	EndGlobalSection
	GlobalSection(ExtensibilityGlobals) = postSolution
		SolutionGuid = {4305FBEC-C4D6-49E5-8BBE-9E5FABC842A5}
	EndGlobalSection
EndGlobal
